
Microsoft Visual Studio Solution File, Format Version 12.00
# Visual Studio Version 17
VisualStudioVersion = 17.14.36518.9 d17.14
MinimumVisualStudioVersion = 10.0.40219.1
Project("{FAE04EC0-301F-11D3-BF4B-00C04F79EFBC}") = "KeepAwakeApp", "KeepAwakeApp.csproj", "{1BD99FC3-82A5-4388-8E91-32AE0B2F336B}"
EndProject
Global
	GlobalSection(SolutionConfigurationPlatforms) = preSolution
		Debug|Any CPU = Debug|Any CPU
		Release|Any CPU = Release|Any CPU
	EndGlobalSection
	GlobalSection(ProjectConfigurationPlatforms) = postSolution
		{1BD99FC3-82A5-4388-8E91-32AE0B2F336B}.Debug|Any CPU.ActiveCfg = Debug|Any CPU
		{1BD99FC3-82A5-4388-8E91-32AE0B2F336B}.Debug|Any CPU.Build.0 = Debug|Any CPU
		{1BD99FC3-82A5-4388-8E91-32AE0B2F336B}.Release|Any CPU.ActiveCfg = Release|Any CPU
		{1BD99FC3-82A5-4388-8E91-32AE0B2F336B}.Release|Any CPU.Build.0 = Release|Any CPU
	EndGlobalSection
	GlobalSection(SolutionProperties) = preSolution
		HideSolutionNode = FALSE
	EndGlobalSection
	GlobalSection(ExtensibilityGlobals) = postSolution
		SolutionGuid = {527DFCAA-A790-4303-8842-D2B80478D7EF}
	EndGlobalSection
EndGlobal
